
Microsoft Visual Studio Solution File, Format Version 12.00
# Visual Studio Version 17
VisualStudioVersion = 17.2.32516.85
MinimumVisualStudioVersion = 10.0.40219.1
Project("{FAE04EC0-301F-11D3-BF4B-00C04F79EFBC}") = "adonet_hw1", "adonet_hw1\adonet_hw1.csproj", "{D7176A96-42F5-4650-90E7-095B7FFA3986}"
EndProject
Global
	GlobalSection(SolutionConfigurationPlatforms) = preSolution
		Debug|Any CPU = Debug|Any CPU
		Release|Any CPU = Release|Any CPU
	EndGlobalSection
	GlobalSection(ProjectConfigurationPlatforms) = postSolution
		{D7176A96-42F5-4650-90E7-095B7FFA3986}.Debug|Any CPU.ActiveCfg = Debug|Any CPU
		{D7176A96-42F5-4650-90E7-095B7FFA3986}.Debug|Any CPU.Build.0 = Debug|Any CPU
		{D7176A96-42F5-4650-90E7-095B7FFA3986}.Release|Any CPU.ActiveCfg = Release|Any CPU
		{D7176A96-42F5-4650-90E7-095B7FFA3986}.Release|Any CPU.Build.0 = Release|Any CPU
	EndGlobalSection
	GlobalSection(SolutionProperties) = preSolution
		HideSolutionNode = FALSE
	EndGlobalSection
	GlobalSection(ExtensibilityGlobals) = postSolution
		SolutionGuid = {AC566E08-144C-4C94-9475-4688A9B230C0}
	EndGlobalSection
EndGlobal
